{
  "name": "html5-mars-project",
  "version": "0.1.0",
  "lockfileVersion": 1,
  "requires": true,
  "dependencies": {
    "@beelab/json-validator": {
      "version": "0.3.1",
      "resolved": "https://registry.npmjs.org/@beelab/json-validator/-/json-validator-0.3.1.tgz",
      "integrity": "sha512-P2TTCiAZyVVCV0k4ppE0QS5c3y1psrQS5X1t9P1CsppmF9p5Otys2n0Cuk7xdmWehc8mT9ajjU1DrGVPbR4Muw=="
    },
    "penvas": {
      "version": "0.8.0",
      "resolved": "https://registry.npmjs.org/penvas/-/penvas-0.8.0.tgz",
      "integrity": "sha512-EGan9PUTEkzHC05q9nRWjJOhLRYYbsdkXWZQz2h8XUIiafdYenz8+Tx2laL20p+0zVJzyWpq5ws+bV4Ko9rynA=="
    },
    "uuid": {
      "version": "3.3.2",
      "resolved": "https://registry.npmjs.org/uuid/-/uuid-3.3.2.tgz",
      "integrity": "sha512-yXJmeNaw3DnnKAOKJE51sL/ZaYfWJRl1pK9dr19YFCu0ObS231AB1/LbqTKRAQ5kw8A90rA6fr4riOUpTZvQZA=="
    },
    "ws": {
      "version": "7.4.5",
      "resolved": "https://registry.npmjs.org/ws/-/ws-7.4.5.tgz",
      "integrity": "sha512-xzyu3hFvomRfXKH8vOFMU3OguG6oOvhXMo3xsGy3xWExqaM2dxBbVxuD99O7m3ZUFMvvscsZDqxfgMaRr/Nr1g=="
    },
    "yion": {
      "version": "1.3.0",
      "resolved": "https://registry.npmjs.org/yion/-/yion-1.3.0.tgz",
      "integrity": "sha512-hXbZYAOVOypMdHoyPvDXrzpCyIBbw6ViWaPmg4GVbNAyASJvtn6DWwWz5xgZTnyqoQ1srdjrHMwmp/i4DMJXnQ=="
    }
  }
}
